{
  "name": "thor-ledger",
  "version": "1.0.0",
  "lockfileVersion": 1,
  "requires": true,
  "dependencies": {
    "@ledgerhq/devices": {
      "version": "4.52.0",
      "resolved": "https://registry.npmjs.org/@ledgerhq/devices/-/devices-4.52.0.tgz",
      "integrity": "sha512-+T4vWp8L9W0fDEQi7qtltv9TR02zFTNpewN43zq/E58BRz3t/g3lh7qsZ11MqPpqh/DYUJH3xEyfKNLe8CBUSQ==",
      "requires": {
        "@ledgerhq/errors": "^4.52.0"
      }
    },
    "@ledgerhq/errors": {
      "version": "4.52.0",
      "resolved": "https://registry.npmjs.org/@ledgerhq/errors/-/errors-4.52.0.tgz",
      "integrity": "sha512-bDUK+j33kZtInTm6OH7BotgXoRJVl0+Vb/YOr61lpl+gdwIdiQWv2gCBpTLjlHk3YAMuyPn/gcfhnYrmnElHZQ=="
    },
    "@ledgerhq/hw-transport": {
      "version": "4.52.0",
      "resolved": "https://registry.npmjs.org/@ledgerhq/hw-transport/-/hw-transport-4.52.0.tgz",
      "integrity": "sha512-u1/pcHp/wHQb6ZgIAKHaNzxKwE5tPLMfihIusZiN8buXbKDUb4enpSdwAS7pIE+8nOwozabJ57sh2eyalYu7oA==",
      "requires": {
        "@ledgerhq/devices": "^4.52.0",
        "@ledgerhq/errors": "^4.52.0",
        "events": "^3.0.0"
      }
    },
    "@types/ledgerhq__hw-transport": {
      "version": "4.21.1",
      "resolved": "https://registry.npmjs.org/@types/ledgerhq__hw-transport/-/ledgerhq__hw-transport-4.21.1.tgz",
      "integrity": "sha512-TPsB6seugMHuqGa3xPz4CgjSlmQdVf4VltxHGcdDSG3Fu7nKqD1zZVE+AnULq4oIgs2lIRcGHiDCgN7kZFDeUw==",
      "dev": true,
      "requires": {
        "@types/node": "*"
      }
    },
    "@types/node": {
      "version": "11.13.5",
      "resolved": "https://registry.npmjs.org/@types/node/-/node-11.13.5.tgz",
      "integrity": "sha512-/OMMBnjVtDuwX1tg2pkYVSqRIDSmNTnvVvmvP/2xiMAAWf4a5+JozrApCrO4WCAILmXVxfNoQ3E+0HJbNpFVGg==",
      "dev": true
    },
    "events": {
      "version": "3.0.0",
      "resolved": "https://registry.npmjs.org/events/-/events-3.0.0.tgz",
      "integrity": "sha512-Dc381HFWJzEOhQ+d8pkNon++bk9h6cdAoAj4iE6Q4y6xgTzySWXlKn05/TVNpjnfRqi/X0EpJEJohPjNI3zpVA=="
    },
    "typescript": {
      "version": "3.4.3",
      "resolved": "https://registry.npmjs.org/typescript/-/typescript-3.4.3.tgz",
      "integrity": "sha512-FFgHdPt4T/duxx6Ndf7hwgMZZjZpB+U0nMNGVCYPq0rEzWKjEDobm4J6yb3CS7naZ0yURFqdw9Gwc7UOh/P9oQ==",
      "dev": true
    }
  }
}
